
Microsoft Visual Studio Solution File, Format Version 12.00
# Visual Studio Version 16
VisualStudioVersion = 16.0.29709.97
MinimumVisualStudioVersion = 10.0.40219.1
Project("{2150E333-8FDC-42A3-9474-1A3956D46DE8}") = "Services", "Services", "{A012F79C-62D2-4E00-A56F-7F5526940E76}"
EndProject
Project("{2150E333-8FDC-42A3-9474-1A3956D46DE8}") = "WebApps", "WebApps", "{FC28C572-79C8-4FFE-9D0E-2516022AD153}"
EndProject
Project("{2150E333-8FDC-42A3-9474-1A3956D46DE8}") = "Cadastro", "Cadastro", "{A7250237-FE12-4390-A1E0-511C2DE0E8FB}"
EndProject
Project("{2150E333-8FDC-42A3-9474-1A3956D46DE8}") = "Catalogo", "Catalogo", "{037B864B-E0C1-4019-B3C7-32B12EA0C561}"
EndProject
Project("{2150E333-8FDC-42A3-9474-1A3956D46DE8}") = "Core", "Core", "{779864AC-AF8F-443D-8698-3ADF028305A5}"
EndProject
Project("{2150E333-8FDC-42A3-9474-1A3956D46DE8}") = "Fiscal", "Fiscal", "{E8E60970-87CF-4D0C-9444-C002F7732126}"
EndProject
Project("{2150E333-8FDC-42A3-9474-1A3956D46DE8}") = "Pagamentos", "Pagamentos", "{765211D8-C23E-493E-BA95-E632FE4CF301}"
EndProject
Project("{2150E333-8FDC-42A3-9474-1A3956D46DE8}") = "Vendas", "Vendas", "{B71734B9-55E1-484E-9A43-DBF1E3040BF7}"
EndProject
Project("{9A19103F-16F7-4668-BE54-9A1E7A4F7556}") = "NerdStore.Catalogo.Domain", "src\NerdStore.Catalogo.Domain\NerdStore.Catalogo.Domain.csproj", "{B6BD04B7-4CE3-4C12-B273-2939197A2A83}"
EndProject
Project("{9A19103F-16F7-4668-BE54-9A1E7A4F7556}") = "NerdStore.Core", "src\NerdStore.Core\NerdStore.Core.csproj", "{C439210C-BCA7-4DE2-BC59-ABA5036B4D12}"
EndProject
Project("{2150E333-8FDC-42A3-9474-1A3956D46DE8}") = "Tests", "Tests", "{FC386342-413A-4DFF-AD4B-FAACEBF39DAA}"
EndProject
Project("{FAE04EC0-301F-11D3-BF4B-00C04F79EFBC}") = "NerdStore.Catalogo.Domain.Tests", "tests\NerdStore.Catalogo.Domain.Tests\NerdStore.Catalogo.Domain.Tests.csproj", "{29D9B41C-383A-4215-957D-00F2D500109F}"
EndProject
Global
	GlobalSection(SolutionConfigurationPlatforms) = preSolution
		Debug|Any CPU = Debug|Any CPU
		Release|Any CPU = Release|Any CPU
	EndGlobalSection
	GlobalSection(ProjectConfigurationPlatforms) = postSolution
		{B6BD04B7-4CE3-4C12-B273-2939197A2A83}.Debug|Any CPU.ActiveCfg = Debug|Any CPU
		{B6BD04B7-4CE3-4C12-B273-2939197A2A83}.Debug|Any CPU.Build.0 = Debug|Any CPU
		{B6BD04B7-4CE3-4C12-B273-2939197A2A83}.Release|Any CPU.ActiveCfg = Release|Any CPU
		{B6BD04B7-4CE3-4C12-B273-2939197A2A83}.Release|Any CPU.Build.0 = Release|Any CPU
		{C439210C-BCA7-4DE2-BC59-ABA5036B4D12}.Debug|Any CPU.ActiveCfg = Debug|Any CPU
		{C439210C-BCA7-4DE2-BC59-ABA5036B4D12}.Debug|Any CPU.Build.0 = Debug|Any CPU
		{C439210C-BCA7-4DE2-BC59-ABA5036B4D12}.Release|Any CPU.ActiveCfg = Release|Any CPU
		{C439210C-BCA7-4DE2-BC59-ABA5036B4D12}.Release|Any CPU.Build.0 = Release|Any CPU
		{29D9B41C-383A-4215-957D-00F2D500109F}.Debug|Any CPU.ActiveCfg = Debug|Any CPU
		{29D9B41C-383A-4215-957D-00F2D500109F}.Debug|Any CPU.Build.0 = Debug|Any CPU
		{29D9B41C-383A-4215-957D-00F2D500109F}.Release|Any CPU.ActiveCfg = Release|Any CPU
		{29D9B41C-383A-4215-957D-00F2D500109F}.Release|Any CPU.Build.0 = Release|Any CPU
	EndGlobalSection
	GlobalSection(SolutionProperties) = preSolution
		HideSolutionNode = FALSE
	EndGlobalSection
	GlobalSection(NestedProjects) = preSolution
		{A7250237-FE12-4390-A1E0-511C2DE0E8FB} = {A012F79C-62D2-4E00-A56F-7F5526940E76}
		{037B864B-E0C1-4019-B3C7-32B12EA0C561} = {A012F79C-62D2-4E00-A56F-7F5526940E76}
		{779864AC-AF8F-443D-8698-3ADF028305A5} = {A012F79C-62D2-4E00-A56F-7F5526940E76}
		{E8E60970-87CF-4D0C-9444-C002F7732126} = {A012F79C-62D2-4E00-A56F-7F5526940E76}
		{765211D8-C23E-493E-BA95-E632FE4CF301} = {A012F79C-62D2-4E00-A56F-7F5526940E76}
		{B71734B9-55E1-484E-9A43-DBF1E3040BF7} = {A012F79C-62D2-4E00-A56F-7F5526940E76}
		{B6BD04B7-4CE3-4C12-B273-2939197A2A83} = {037B864B-E0C1-4019-B3C7-32B12EA0C561}
		{C439210C-BCA7-4DE2-BC59-ABA5036B4D12} = {779864AC-AF8F-443D-8698-3ADF028305A5}
		{FC386342-413A-4DFF-AD4B-FAACEBF39DAA} = {037B864B-E0C1-4019-B3C7-32B12EA0C561}
		{29D9B41C-383A-4215-957D-00F2D500109F} = {FC386342-413A-4DFF-AD4B-FAACEBF39DAA}
	EndGlobalSection
	GlobalSection(ExtensibilityGlobals) = postSolution
		SolutionGuid = {5F45D1FE-4E51-41E2-99DD-1D8836BA36A1}
	EndGlobalSection
EndGlobal
