
Microsoft Visual Studio Solution File, Format Version 12.00
# Visual Studio Version 16
VisualStudioVersion = 16.0.29709.97
MinimumVisualStudioVersion = 10.0.40219.1
Project("{2150E333-8FDC-42A3-9474-1A3956D46DE8}") = "Services", "Services", "{9337E56F-796C-4312-94A3-EF88CC500E15}"
EndProject
Project("{2150E333-8FDC-42A3-9474-1A3956D46DE8}") = "WebApps", "WebApps", "{719AFE39-9523-4258-B432-4E3EEA2D377B}"
EndProject
Project("{2150E333-8FDC-42A3-9474-1A3956D46DE8}") = "Cadastros", "Cadastros", "{10B8B5DE-B8B1-406B-9E32-F73F443369BD}"
EndProject
Project("{2150E333-8FDC-42A3-9474-1A3956D46DE8}") = "Catalogo", "Catalogo", "{9D3F3B0D-4DFB-4E73-8F48-A3848FBA9249}"
EndProject
Project("{2150E333-8FDC-42A3-9474-1A3956D46DE8}") = "Core", "Core", "{1B5DCF3D-D743-48DD-BF06-BA8F01489C82}"
EndProject
Project("{2150E333-8FDC-42A3-9474-1A3956D46DE8}") = "Fiscal", "Fiscal", "{2563820B-C851-495C-9378-9A2C495C201D}"
EndProject
Project("{2150E333-8FDC-42A3-9474-1A3956D46DE8}") = "Pagamentos", "Pagamentos", "{4AED4830-4E01-4A45-AACE-25D233CB297A}"
EndProject
Project("{2150E333-8FDC-42A3-9474-1A3956D46DE8}") = "Vendas", "Vendas", "{BA80E2AF-FE3F-4607-990B-6A50316D7B9A}"
EndProject
Project("{FAE04EC0-301F-11D3-BF4B-00C04F79EFBC}") = "NerdStore.Catalogo.Domain", "src\NerdStore.Catalogo.Domain\NerdStore.Catalogo.Domain.csproj", "{300AD469-3B24-4278-8A20-C485BF96088F}"
EndProject
Project("{FAE04EC0-301F-11D3-BF4B-00C04F79EFBC}") = "NerdStore.Core", "src\NerdStore.Core\NerdStore.Core.csproj", "{0449AFC0-7928-4CD6-AC37-7FC584E82A10}"
EndProject
Global
	GlobalSection(SolutionConfigurationPlatforms) = preSolution
		Debug|Any CPU = Debug|Any CPU
		Release|Any CPU = Release|Any CPU
	EndGlobalSection
	GlobalSection(ProjectConfigurationPlatforms) = postSolution
		{300AD469-3B24-4278-8A20-C485BF96088F}.Debug|Any CPU.ActiveCfg = Debug|Any CPU
		{300AD469-3B24-4278-8A20-C485BF96088F}.Debug|Any CPU.Build.0 = Debug|Any CPU
		{300AD469-3B24-4278-8A20-C485BF96088F}.Release|Any CPU.ActiveCfg = Release|Any CPU
		{300AD469-3B24-4278-8A20-C485BF96088F}.Release|Any CPU.Build.0 = Release|Any CPU
		{0449AFC0-7928-4CD6-AC37-7FC584E82A10}.Debug|Any CPU.ActiveCfg = Debug|Any CPU
		{0449AFC0-7928-4CD6-AC37-7FC584E82A10}.Debug|Any CPU.Build.0 = Debug|Any CPU
		{0449AFC0-7928-4CD6-AC37-7FC584E82A10}.Release|Any CPU.ActiveCfg = Release|Any CPU
		{0449AFC0-7928-4CD6-AC37-7FC584E82A10}.Release|Any CPU.Build.0 = Release|Any CPU
	EndGlobalSection
	GlobalSection(SolutionProperties) = preSolution
		HideSolutionNode = FALSE
	EndGlobalSection
	GlobalSection(NestedProjects) = preSolution
		{10B8B5DE-B8B1-406B-9E32-F73F443369BD} = {9337E56F-796C-4312-94A3-EF88CC500E15}
		{9D3F3B0D-4DFB-4E73-8F48-A3848FBA9249} = {9337E56F-796C-4312-94A3-EF88CC500E15}
		{1B5DCF3D-D743-48DD-BF06-BA8F01489C82} = {9337E56F-796C-4312-94A3-EF88CC500E15}
		{2563820B-C851-495C-9378-9A2C495C201D} = {9337E56F-796C-4312-94A3-EF88CC500E15}
		{4AED4830-4E01-4A45-AACE-25D233CB297A} = {9337E56F-796C-4312-94A3-EF88CC500E15}
		{BA80E2AF-FE3F-4607-990B-6A50316D7B9A} = {9337E56F-796C-4312-94A3-EF88CC500E15}
		{300AD469-3B24-4278-8A20-C485BF96088F} = {9D3F3B0D-4DFB-4E73-8F48-A3848FBA9249}
		{0449AFC0-7928-4CD6-AC37-7FC584E82A10} = {1B5DCF3D-D743-48DD-BF06-BA8F01489C82}
	EndGlobalSection
	GlobalSection(ExtensibilityGlobals) = postSolution
		SolutionGuid = {3F366179-0848-42BA-9E4B-1DCB23261B0B}
	EndGlobalSection
EndGlobal
